
Microsoft Visual Studio Solution File, Format Version 12.00
# Visual Studio Version 17
VisualStudioVersion = 17.0.32014.148
MinimumVisualStudioVersion = 10.0.40219.1
Project("{FAE04EC0-301F-11D3-BF4B-00C04F79EFBC}") = "MatrixCalculator", "MatrixCalculator\MatrixCalculator.csproj", "{C01F5392-C830-4CE5-9573-4E2DAF9F50F2}"
EndProject
Project("{FAE04EC0-301F-11D3-BF4B-00C04F79EFBC}") = "RayTracer", "RayTracer\RayTracer.csproj", "{5E9C1244-3110-4047-BCCA-6A296454A0D4}"
EndProject
Global
	GlobalSection(SolutionConfigurationPlatforms) = preSolution
		Debug|Any CPU = Debug|Any CPU
		Release|Any CPU = Release|Any CPU
	EndGlobalSection
	GlobalSection(ProjectConfigurationPlatforms) = postSolution
		{C01F5392-C830-4CE5-9573-4E2DAF9F50F2}.Debug|Any CPU.ActiveCfg = Debug|Any CPU
		{C01F5392-C830-4CE5-9573-4E2DAF9F50F2}.Debug|Any CPU.Build.0 = Debug|Any CPU
		{C01F5392-C830-4CE5-9573-4E2DAF9F50F2}.Release|Any CPU.ActiveCfg = Release|Any CPU
		{C01F5392-C830-4CE5-9573-4E2DAF9F50F2}.Release|Any CPU.Build.0 = Release|Any CPU
		{5E9C1244-3110-4047-BCCA-6A296454A0D4}.Debug|Any CPU.ActiveCfg = Debug|Any CPU
		{5E9C1244-3110-4047-BCCA-6A296454A0D4}.Debug|Any CPU.Build.0 = Debug|Any CPU
		{5E9C1244-3110-4047-BCCA-6A296454A0D4}.Release|Any CPU.ActiveCfg = Release|Any CPU
		{5E9C1244-3110-4047-BCCA-6A296454A0D4}.Release|Any CPU.Build.0 = Release|Any CPU
	EndGlobalSection
	GlobalSection(SolutionProperties) = preSolution
		HideSolutionNode = FALSE
	EndGlobalSection
	GlobalSection(ExtensibilityGlobals) = postSolution
		SolutionGuid = {ADAEBC38-8345-41DF-8B00-BC87C04902D0}
	EndGlobalSection
EndGlobal
